
Microsoft Visual Studio Solution File, Format Version 12.00
# Visual Studio Version 17
VisualStudioVersion = 17.4.33213.308
MinimumVisualStudioVersion = 10.0.40219.1
Project("{FAE04EC0-301F-11D3-BF4B-00C04F79EFBC}") = "Practicaprogramada005", "Practicaprogramada005\Practicaprogramada005.csproj", "{A966D96A-0644-4082-B48F-BE1723B784CE}"
EndProject
Global
	GlobalSection(SolutionConfigurationPlatforms) = preSolution
		Debug|Any CPU = Debug|Any CPU
		Release|Any CPU = Release|Any CPU
	EndGlobalSection
	GlobalSection(ProjectConfigurationPlatforms) = postSolution
		{A966D96A-0644-4082-B48F-BE1723B784CE}.Debug|Any CPU.ActiveCfg = Debug|Any CPU
		{A966D96A-0644-4082-B48F-BE1723B784CE}.Debug|Any CPU.Build.0 = Debug|Any CPU
		{A966D96A-0644-4082-B48F-BE1723B784CE}.Release|Any CPU.ActiveCfg = Release|Any CPU
		{A966D96A-0644-4082-B48F-BE1723B784CE}.Release|Any CPU.Build.0 = Release|Any CPU
	EndGlobalSection
	GlobalSection(SolutionProperties) = preSolution
		HideSolutionNode = FALSE
	EndGlobalSection
	GlobalSection(ExtensibilityGlobals) = postSolution
		SolutionGuid = {3C5C7781-DC09-463C-9AAD-94A026430EDD}
	EndGlobalSection
EndGlobal
